
Microsoft Visual Studio Solution File, Format Version 9.00
# Visual Studio 2005
Project("{8BC9CEB8-8B4A-11D0-8D11-00A0C91BC942}") = "Agelena", "Agelena\Agelena.vcproj", "{EBC5EBD3-4156-47F0-B70F-949690B64666}"
EndProject
Project("{8BC9CEB8-8B4A-11D0-8D11-00A0C91BC942}") = "Test_Agelena", "Test_Agelena\Test_Agelena.vcproj", "{4F672A2D-3FD3-49D6-AE5A-6CEBD16BE368}"
	ProjectSection(ProjectDependencies) = postProject
		{EBC5EBD3-4156-47F0-B70F-949690B64666} = {EBC5EBD3-4156-47F0-B70F-949690B64666}
	EndProjectSection
EndProject
Project("{8BC9CEB8-8B4A-11D0-8D11-00A0C91BC942}") = "Acari", "Acari\Acari.vcproj", "{81F90DEE-0D42-4326-B3C5-E065267E3C98}"
EndProject
Project("{8BC9CEB8-8B4A-11D0-8D11-00A0C91BC942}") = "Damon", "Damon\Damon.vcproj", "{A9BA5F5B-FDF6-48D7-B2C4-6CC8AC069955}"
	ProjectSection(ProjectDependencies) = postProject
		{F747D8ED-2A5E-4968-AA90-0497A4546B9F} = {F747D8ED-2A5E-4968-AA90-0497A4546B9F}
		{E094085C-CAED-41E1-91AB-3A297D13E594} = {E094085C-CAED-41E1-91AB-3A297D13E594}
	EndProjectSection
EndProject
Project("{8BC9CEB8-8B4A-11D0-8D11-00A0C91BC942}") = "Mesothelae", "Mesothelae\Mesothelae.vcproj", "{E4B1E4D5-EF00-4FC7-94AD-E89C62B36005}"
	ProjectSection(ProjectDependencies) = postProject
		{F747D8ED-2A5E-4968-AA90-0497A4546B9F} = {F747D8ED-2A5E-4968-AA90-0497A4546B9F}
	EndProjectSection
EndProject
Project("{8BC9CEB8-8B4A-11D0-8D11-00A0C91BC942}") = "Scorpion", "Scorpion\Scorpion.vcproj", "{E094085C-CAED-41E1-91AB-3A297D13E594}"
	ProjectSection(ProjectDependencies) = postProject
		{81F90DEE-0D42-4326-B3C5-E065267E3C98} = {81F90DEE-0D42-4326-B3C5-E065267E3C98}
	EndProjectSection
EndProject
Project("{8BC9CEB8-8B4A-11D0-8D11-00A0C91BC942}") = "Spin", "Spin\Spin.vcproj", "{F747D8ED-2A5E-4968-AA90-0497A4546B9F}"
	ProjectSection(ProjectDependencies) = postProject
		{E094085C-CAED-41E1-91AB-3A297D13E594} = {E094085C-CAED-41E1-91AB-3A297D13E594}
		{81F90DEE-0D42-4326-B3C5-E065267E3C98} = {81F90DEE-0D42-4326-B3C5-E065267E3C98}
	EndProjectSection
EndProject
Project("{8BC9CEB8-8B4A-11D0-8D11-00A0C91BC942}") = "Test_Acari", "Test_Acari\Test_Acari.vcproj", "{97961A79-53B1-499F-B119-81B3ADB40746}"
	ProjectSection(ProjectDependencies) = postProject
		{81F90DEE-0D42-4326-B3C5-E065267E3C98} = {81F90DEE-0D42-4326-B3C5-E065267E3C98}
	EndProjectSection
EndProject
Project("{8BC9CEB8-8B4A-11D0-8D11-00A0C91BC942}") = "Test_Damon", "Test_Damon\Test_Damon.vcproj", "{B579E54C-DFFD-4C4D-B5BF-8BC6E5196F87}"
	ProjectSection(ProjectDependencies) = postProject
		{A9BA5F5B-FDF6-48D7-B2C4-6CC8AC069955} = {A9BA5F5B-FDF6-48D7-B2C4-6CC8AC069955}
	EndProjectSection
EndProject
Project("{8BC9CEB8-8B4A-11D0-8D11-00A0C91BC942}") = "Test_Scorpion", "Test_Scorpion\Test_Scorpion.vcproj", "{EAB38182-B1A3-4455-942D-D4462A5356D1}"
	ProjectSection(ProjectDependencies) = postProject
		{E094085C-CAED-41E1-91AB-3A297D13E594} = {E094085C-CAED-41E1-91AB-3A297D13E594}
	EndProjectSection
EndProject
Project("{8BC9CEB8-8B4A-11D0-8D11-00A0C91BC942}") = "Test_Spin", "Test_Spin\Test_Spin.vcproj", "{BE589F03-C422-4DA1-BF64-425D49F25E2A}"
	ProjectSection(ProjectDependencies) = postProject
		{E094085C-CAED-41E1-91AB-3A297D13E594} = {E094085C-CAED-41E1-91AB-3A297D13E594}
		{F747D8ED-2A5E-4968-AA90-0497A4546B9F} = {F747D8ED-2A5E-4968-AA90-0497A4546B9F}
	EndProjectSection
EndProject
Global
	GlobalSection(SolutionConfigurationPlatforms) = preSolution
		Debug|Win32 = Debug|Win32
		Release|Win32 = Release|Win32
	EndGlobalSection
	GlobalSection(ProjectConfigurationPlatforms) = postSolution
		{EBC5EBD3-4156-47F0-B70F-949690B64666}.Debug|Win32.ActiveCfg = Debug|Win32
		{EBC5EBD3-4156-47F0-B70F-949690B64666}.Debug|Win32.Build.0 = Debug|Win32
		{EBC5EBD3-4156-47F0-B70F-949690B64666}.Release|Win32.ActiveCfg = Release|Win32
		{EBC5EBD3-4156-47F0-B70F-949690B64666}.Release|Win32.Build.0 = Release|Win32
		{4F672A2D-3FD3-49D6-AE5A-6CEBD16BE368}.Debug|Win32.ActiveCfg = Debug|Win32
		{4F672A2D-3FD3-49D6-AE5A-6CEBD16BE368}.Debug|Win32.Build.0 = Debug|Win32
		{4F672A2D-3FD3-49D6-AE5A-6CEBD16BE368}.Release|Win32.ActiveCfg = Release|Win32
		{4F672A2D-3FD3-49D6-AE5A-6CEBD16BE368}.Release|Win32.Build.0 = Release|Win32
		{81F90DEE-0D42-4326-B3C5-E065267E3C98}.Debug|Win32.ActiveCfg = Debug|Win32
		{81F90DEE-0D42-4326-B3C5-E065267E3C98}.Debug|Win32.Build.0 = Debug|Win32
		{81F90DEE-0D42-4326-B3C5-E065267E3C98}.Release|Win32.ActiveCfg = Release|Win32
		{81F90DEE-0D42-4326-B3C5-E065267E3C98}.Release|Win32.Build.0 = Release|Win32
		{A9BA5F5B-FDF6-48D7-B2C4-6CC8AC069955}.Debug|Win32.ActiveCfg = Debug|Win32
		{A9BA5F5B-FDF6-48D7-B2C4-6CC8AC069955}.Debug|Win32.Build.0 = Debug|Win32
		{A9BA5F5B-FDF6-48D7-B2C4-6CC8AC069955}.Release|Win32.ActiveCfg = Release|Win32
		{A9BA5F5B-FDF6-48D7-B2C4-6CC8AC069955}.Release|Win32.Build.0 = Release|Win32
		{E4B1E4D5-EF00-4FC7-94AD-E89C62B36005}.Debug|Win32.ActiveCfg = Debug|Win32
		{E4B1E4D5-EF00-4FC7-94AD-E89C62B36005}.Debug|Win32.Build.0 = Debug|Win32
		{E4B1E4D5-EF00-4FC7-94AD-E89C62B36005}.Release|Win32.ActiveCfg = Release|Win32
		{E4B1E4D5-EF00-4FC7-94AD-E89C62B36005}.Release|Win32.Build.0 = Release|Win32
		{E094085C-CAED-41E1-91AB-3A297D13E594}.Debug|Win32.ActiveCfg = Debug|Win32
		{E094085C-CAED-41E1-91AB-3A297D13E594}.Debug|Win32.Build.0 = Debug|Win32
		{E094085C-CAED-41E1-91AB-3A297D13E594}.Release|Win32.ActiveCfg = Release|Win32
		{E094085C-CAED-41E1-91AB-3A297D13E594}.Release|Win32.Build.0 = Release|Win32
		{F747D8ED-2A5E-4968-AA90-0497A4546B9F}.Debug|Win32.ActiveCfg = Debug|Win32
		{F747D8ED-2A5E-4968-AA90-0497A4546B9F}.Debug|Win32.Build.0 = Debug|Win32
		{F747D8ED-2A5E-4968-AA90-0497A4546B9F}.Release|Win32.ActiveCfg = Release|Win32
		{F747D8ED-2A5E-4968-AA90-0497A4546B9F}.Release|Win32.Build.0 = Release|Win32
		{97961A79-53B1-499F-B119-81B3ADB40746}.Debug|Win32.ActiveCfg = Debug|Win32
		{97961A79-53B1-499F-B119-81B3ADB40746}.Debug|Win32.Build.0 = Debug|Win32
		{97961A79-53B1-499F-B119-81B3ADB40746}.Release|Win32.ActiveCfg = Release|Win32
		{97961A79-53B1-499F-B119-81B3ADB40746}.Release|Win32.Build.0 = Release|Win32
		{B579E54C-DFFD-4C4D-B5BF-8BC6E5196F87}.Debug|Win32.ActiveCfg = Debug|Win32
		{B579E54C-DFFD-4C4D-B5BF-8BC6E5196F87}.Debug|Win32.Build.0 = Debug|Win32
		{B579E54C-DFFD-4C4D-B5BF-8BC6E5196F87}.Release|Win32.ActiveCfg = Release|Win32
		{B579E54C-DFFD-4C4D-B5BF-8BC6E5196F87}.Release|Win32.Build.0 = Release|Win32
		{EAB38182-B1A3-4455-942D-D4462A5356D1}.Debug|Win32.ActiveCfg = Debug|Win32
		{EAB38182-B1A3-4455-942D-D4462A5356D1}.Debug|Win32.Build.0 = Debug|Win32
		{EAB38182-B1A3-4455-942D-D4462A5356D1}.Release|Win32.ActiveCfg = Release|Win32
		{EAB38182-B1A3-4455-942D-D4462A5356D1}.Release|Win32.Build.0 = Release|Win32
		{BE589F03-C422-4DA1-BF64-425D49F25E2A}.Debug|Win32.ActiveCfg = Debug|Win32
		{BE589F03-C422-4DA1-BF64-425D49F25E2A}.Debug|Win32.Build.0 = Debug|Win32
		{BE589F03-C422-4DA1-BF64-425D49F25E2A}.Release|Win32.ActiveCfg = Release|Win32
		{BE589F03-C422-4DA1-BF64-425D49F25E2A}.Release|Win32.Build.0 = Release|Win32
	EndGlobalSection
	GlobalSection(SolutionProperties) = preSolution
		HideSolutionNode = FALSE
	EndGlobalSection
EndGlobal
